// !$*UTF8*$!
{
	archiveVersion = 1;
	classes = {
	};
	objectVersion = 46;
	objects = {

/* Begin PBXBuildFile section */
		7D8F56C41AD579FF00951238 /* main.cpp in Sources */ = {isa = PBXBuildFile; fileRef = 7D8F56C31AD579FF00951238 /* main.cpp */; };
		7D8F56CB1AD57A1800951238 /* OpenGL.framework in Frameworks */ = {isa = PBXBuildFile; fileRef = 7D8F56CA1AD57A1800951238 /* OpenGL.framework */; };
		7D8F56CD1AD57A1C00951238 /* GLUT.framework in Frameworks */ = {isa = PBXBuildFile; fileRef = 7D8F56CC1AD57A1C00951238 /* GLUT.framework */; };
		7D8F56D51AD57A7000951238 /* bmp.cpp in Sources */ = {isa = PBXBuildFile; fileRef = 7D8F56CF1AD57A7000951238 /* bmp.cpp */; };
		7D8F56D61AD57A7000951238 /* shaderfile.cpp in Sources */ = {isa = PBXBuildFile; fileRef = 7D8F56D11AD57A7000951238 /* shaderfile.cpp */; };
		7D8F56D71AD57A7000951238 /* textfile.cpp in Sources */ = {isa = PBXBuildFile; fileRef = 7D8F56D31AD57A7000951238 /* textfile.cpp */; };
/* End PBXBuildFile section */

/* Begin PBXCopyFilesBuildPhase section */
		7D8F56BE1AD579FF00951238 /* CopyFiles */ = {
			isa = PBXCopyFilesBuildPhase;
			buildActionMask = 2147483647;
			dstPath = /usr/share/man/man1/;
			dstSubfolderSpec = 0;
			files = (
			);
			runOnlyForDeploymentPostprocessing = 1;
		};
/* End PBXCopyFilesBuildPhase section */

/* Begin PBXFileReference section */
		7D8F56C01AD579FF00951238 /* fluid_simulation */ = {isa = PBXFileReference; explicitFileType = "compiled.mach-o.executable"; includeInIndex = 0; path = fluid_simulation; sourceTree = BUILT_PRODUCTS_DIR; };
		7D8F56C31AD579FF00951238 /* main.cpp */ = {isa = PBXFileReference; lastKnownFileType = sourcecode.cpp.cpp; path = main.cpp; sourceTree = "<group>"; };
		7D8F56CA1AD57A1800951238 /* OpenGL.framework */ = {isa = PBXFileReference; lastKnownFileType = wrapper.framework; name = OpenGL.framework; path = System/Library/Frameworks/OpenGL.framework; sourceTree = SDKROOT; };
		7D8F56CC1AD57A1C00951238 /* GLUT.framework */ = {isa = PBXFileReference; lastKnownFileType = wrapper.framework; name = GLUT.framework; path = System/Library/Frameworks/GLUT.framework; sourceTree = SDKROOT; };
		7D8F56CF1AD57A7000951238 /* bmp.cpp */ = {isa = PBXFileReference; fileEncoding = 4; lastKnownFileType = sourcecode.cpp.cpp; path = bmp.cpp; sourceTree = "<group>"; };
		7D8F56D01AD57A7000951238 /* bmp.h */ = {isa = PBXFileReference; fileEncoding = 4; lastKnownFileType = sourcecode.c.h; path = bmp.h; sourceTree = "<group>"; };
		7D8F56D11AD57A7000951238 /* shaderfile.cpp */ = {isa = PBXFileReference; fileEncoding = 4; lastKnownFileType = sourcecode.cpp.cpp; path = shaderfile.cpp; sourceTree = "<group>"; };
		7D8F56D21AD57A7000951238 /* shaderfile.h */ = {isa = PBXFileReference; fileEncoding = 4; lastKnownFileType = sourcecode.c.h; path = shaderfile.h; sourceTree = "<group>"; };
		7D8F56D31AD57A7000951238 /* textfile.cpp */ = {isa = PBXFileReference; fileEncoding = 4; lastKnownFileType = sourcecode.cpp.cpp; path = textfile.cpp; sourceTree = "<group>"; };
		7D8F56D41AD57A7000951238 /* textfile.h */ = {isa = PBXFileReference; fileEncoding = 4; lastKnownFileType = sourcecode.c.h; path = textfile.h; sourceTree = "<group>"; };
/* End PBXFileReference section */

/* Begin PBXFrameworksBuildPhase section */
		7D8F56BD1AD579FF00951238 /* Frameworks */ = {
			isa = PBXFrameworksBuildPhase;
			buildActionMask = 2147483647;
			files = (
				7D8F56CD1AD57A1C00951238 /* GLUT.framework in Frameworks */,
				7D8F56CB1AD57A1800951238 /* OpenGL.framework in Frameworks */,
			);
			runOnlyForDeploymentPostprocessing = 0;
		};
/* End PBXFrameworksBuildPhase section */

/* Begin PBXGroup section */
		7D8F56B71AD579FF00951238 = {
			isa = PBXGroup;
			children = (
				7D8F56CC1AD57A1C00951238 /* GLUT.framework */,
				7D8F56CA1AD57A1800951238 /* OpenGL.framework */,
				7D8F56C21AD579FF00951238 /* fluid_simulation */,
				7D8F56C11AD579FF00951238 /* Products */,
			);
			sourceTree = "<group>";
		};
		7D8F56C11AD579FF00951238 /* Products */ = {
			isa = PBXGroup;
			children = (
				7D8F56C01AD579FF00951238 /* fluid_simulation */,
			);
			name = Products;
			sourceTree = "<group>";
		};
		7D8F56C21AD579FF00951238 /* fluid_simulation */ = {
			isa = PBXGroup;
			children = (
				7D8F56CE1AD57A4B00951238 /* utilities */,
				7D8F56C31AD579FF00951238 /* main.cpp */,
			);
			path = fluid_simulation;
			sourceTree = "<group>";
		};
		7D8F56CE1AD57A4B00951238 /* utilities */ = {
			isa = PBXGroup;
			children = (
				7D8F56CF1AD57A7000951238 /* bmp.cpp */,
				7D8F56D01AD57A7000951238 /* bmp.h */,
				7D8F56D11AD57A7000951238 /* shaderfile.cpp */,
				7D8F56D21AD57A7000951238 /* shaderfile.h */,
				7D8F56D31AD57A7000951238 /* textfile.cpp */,
				7D8F56D41AD57A7000951238 /* textfile.h */,
			);
			name = utilities;
			sourceTree = "<group>";
		};
/* End PBXGroup section */

/* Begin PBXNativeTarget section */
		7D8F56BF1AD579FF00951238 /* fluid_simulation */ = {
			isa = PBXNativeTarget;
			buildConfigurationList = 7D8F56C71AD579FF00951238 /* Build configuration list for PBXNativeTarget "fluid_simulation" */;
			buildPhases = (
				7D8F56BC1AD579FF00951238 /* Sources */,
				7D8F56BD1AD579FF00951238 /* Frameworks */,
				7D8F56BE1AD579FF00951238 /* CopyFiles */,
			);
			buildRules = (
			);
			dependencies = (
			);
			name = fluid_simulation;
			productName = fluid_simulation;
			productReference = 7D8F56C01AD579FF00951238 /* fluid_simulation */;
			productType = "com.apple.product-type.tool";
		};
/* End PBXNativeTarget section */

/* Begin PBXProject section */
		7D8F56B81AD579FF00951238 /* Project object */ = {
			isa = PBXProject;
			attributes = {
				LastUpgradeCheck = 0620;
				ORGANIZATIONNAME = "Local Food";
				TargetAttributes = {
					7D8F56BF1AD579FF00951238 = {
						CreatedOnToolsVersion = 6.2;
					};
				};
			};
			buildConfigurationList = 7D8F56BB1AD579FF00951238 /* Build configuration list for PBXProject "fluid_simulation" */;
			compatibilityVersion = "Xcode 3.2";
			developmentRegion = English;
			hasScannedForEncodings = 0;
			knownRegions = (
				en,
			);
			mainGroup = 7D8F56B71AD579FF00951238;
			productRefGroup = 7D8F56C11AD579FF00951238 /* Products */;
			projectDirPath = "";
			projectRoot = "";
			targets = (
				7D8F56BF1AD579FF00951238 /* fluid_simulation */,
			);
		};
/* End PBXProject section */

/* Begin PBXSourcesBuildPhase section */
		7D8F56BC1AD579FF00951238 /* Sources */ = {
			isa = PBXSourcesBuildPhase;
			buildActionMask = 2147483647;
			files = (
				7D8F56C41AD579FF00951238 /* main.cpp in Sources */,
				7D8F56D51AD57A7000951238 /* bmp.cpp in Sources */,
				7D8F56D71AD57A7000951238 /* textfile.cpp in Sources */,
				7D8F56D61AD57A7000951238 /* shaderfile.cpp in Sources */,
			);
			runOnlyForDeploymentPostprocessing = 0;
		};
/* End PBXSourcesBuildPhase section */

/* Begin XCBuildConfiguration section */
		7D8F56C51AD579FF00951238 /* Debug */ = {
			isa = XCBuildConfiguration;
			buildSettings = {
				ALWAYS_SEARCH_USER_PATHS = NO;
				CLANG_CXX_LANGUAGE_STANDARD = "gnu++0x";
				CLANG_CXX_LIBRARY = "libc++";
				CLANG_ENABLE_MODULES = YES;
				CLANG_ENABLE_OBJC_ARC = YES;
				CLANG_WARN_BOOL_CONVERSION = YES;
				CLANG_WARN_CONSTANT_CONVERSION = YES;
				CLANG_WARN_DIRECT_OBJC_ISA_USAGE = YES_ERROR;
				CLANG_WARN_EMPTY_BODY = YES;
				CLANG_WARN_ENUM_CONVERSION = YES;
				CLANG_WARN_INT_CONVERSION = YES;
				CLANG_WARN_OBJC_ROOT_CLASS = YES_ERROR;
				CLANG_WARN_UNREACHABLE_CODE = YES;
				CLANG_WARN__DUPLICATE_METHOD_MATCH = YES;
				COPY_PHASE_STRIP = NO;
				ENABLE_STRICT_OBJC_MSGSEND = YES;
				GCC_C_LANGUAGE_STANDARD = gnu99;
				GCC_DYNAMIC_NO_PIC = NO;
				GCC_OPTIMIZATION_LEVEL = 0;
				GCC_PREPROCESSOR_DEFINITIONS = (
					"DEBUG=1",
					"$(inherited)",
				);
				GCC_SYMBOLS_PRIVATE_EXTERN = NO;
				GCC_WARN_64_TO_32_BIT_CONVERSION = YES;
				GCC_WARN_ABOUT_RETURN_TYPE = YES_ERROR;
				GCC_WARN_UNDECLARED_SELECTOR = YES;
				GCC_WARN_UNINITIALIZED_AUTOS = YES_AGGRESSIVE;
				GCC_WARN_UNUSED_FUNCTION = YES;
				GCC_WARN_UNUSED_VARIABLE = YES;
				MACOSX_DEPLOYMENT_TARGET = 10.9;
				MTL_ENABLE_DEBUG_INFO = YES;
				ONLY_ACTIVE_ARCH = YES;
				SDKROOT = macosx;
			};
			name = Debug;
		};
		7D8F56C61AD579FF00951238 /* Release */ = {
			isa = XCBuildConfiguration;
			buildSettings = {
				ALWAYS_SEARCH_USER_PATHS = NO;
				CLANG_CXX_LANGUAGE_STANDARD = "gnu++0x";
				CLANG_CXX_LIBRARY = "libc++";
				CLANG_ENABLE_MODULES = YES;
				CLANG_ENABLE_OBJC_ARC = YES;
				CLANG_WARN_BOOL_CONVERSION = YES;
				CLANG_WARN_CONSTANT_CONVERSION = YES;
				CLANG_WARN_DIRECT_OBJC_ISA_USAGE = YES_ERROR;
				CLANG_WARN_EMPTY_BODY = YES;
				CLANG_WARN_ENUM_CONVERSION = YES;
				CLANG_WARN_INT_CONVERSION = YES;
				CLANG_WARN_OBJC_ROOT_CLASS = YES_ERROR;
				CLANG_WARN_UNREACHABLE_CODE = YES;
				CLANG_WARN__DUPLICATE_METHOD_MATCH = YES;
				COPY_PHASE_STRIP = NO;
				DEBUG_INFORMATION_FORMAT = "dwarf-with-dsym";
				ENABLE_NS_ASSERTIONS = NO;
				ENABLE_STRICT_OBJC_MSGSEND = YES;
				GCC_C_LANGUAGE_STANDARD = gnu99;
				GCC_WARN_64_TO_32_BIT_CONVERSION = YES;
				GCC_WARN_ABOUT_RETURN_TYPE = YES_ERROR;
				GCC_WARN_UNDECLARED_SELECTOR = YES;
				GCC_WARN_UNINITIALIZED_AUTOS = YES_AGGRESSIVE;
				GCC_WARN_UNUSED_FUNCTION = YES;
				GCC_WARN_UNUSED_VARIABLE = YES;
				MACOSX_DEPLOYMENT_TARGET = 10.9;
				MTL_ENABLE_DEBUG_INFO = NO;
				SDKROOT = macosx;
			};
			name = Release;
		};
		7D8F56C81AD579FF00951238 /* Debug */ = {
			isa = XCBuildConfiguration;
			buildSettings = {
				PRODUCT_NAME = "$(TARGET_NAME)";
			};
			name = Debug;
		};
		7D8F56C91AD579FF00951238 /* Release */ = {
			isa = XCBuildConfiguration;
			buildSettings = {
				PRODUCT_NAME = "$(TARGET_NAME)";
			};
			name = Release;
		};
/* End XCBuildConfiguration section */

/* Begin XCConfigurationList section */
		7D8F56BB1AD579FF00951238 /* Build configuration list for PBXProject "fluid_simulation" */ = {
			isa = XCConfigurationList;
			buildConfigurations = (
				7D8F56C51AD579FF00951238 /* Debug */,
				7D8F56C61AD579FF00951238 /* Release */,
			);
			defaultConfigurationIsVisible = 0;
			defaultConfigurationName = Release;
		};
		7D8F56C71AD579FF00951238 /* Build configuration list for PBXNativeTarget "fluid_simulation" */ = {
			isa = XCConfigurationList;
			buildConfigurations = (
				7D8F56C81AD579FF00951238 /* Debug */,
				7D8F56C91AD579FF00951238 /* Release */,
			);
			defaultConfigurationIsVisible = 0;
		};
/* End XCConfigurationList section */
	};
	rootObject = 7D8F56B81AD579FF00951238 /* Project object */;
}
